
Microsoft Visual Studio Solution File, Format Version 12.00
# Visual Studio Version 17
VisualStudioVersion = 17.14.36511.14
MinimumVisualStudioVersion = 10.0.40219.1
Project("{2150E333-8FDC-42A3-9474-1A3956D46DE8}") = "Task0", "Task0", "{02EA681E-C7D8-13C7-8484-4AC65E1B71E8}"
EndProject
Project("{FAE04EC0-301F-11D3-BF4B-00C04F79EFBC}") = "Tyuiu.AtanaevRI.Sprint1.Task0.V4", "Tyuiu.AtanaevRI.Sprint1.Task0.V4\Tyuiu.AtanaevRI.Sprint1.Task0.V4.csproj", "{74CBF984-64F9-52C4-1A1F-0643FED8B45B}"
EndProject
Project("{FAE04EC0-301F-11D3-BF4B-00C04F79EFBC}") = "Tyuiu.AtanaevRI.Sprint1.Task0.V4.Lib", "Tyuiu.AtanaevRI.Sprint1.Task0.V4.Lib\Tyuiu.AtanaevRI.Sprint1.Task0.V4.Lib.csproj", "{1D9C29CC-024C-86D9-36E5-E0828B77B576}"
EndProject
Project("{FAE04EC0-301F-11D3-BF4B-00C04F79EFBC}") = "Tyuiu.AtanaevRI.Sprint1.Task0.V4.Test", "Tyuiu.AtanaevRI.Sprint1.Task0.V4.Test\Tyuiu.AtanaevRI.Sprint1.Task0.V4.Test.csproj", "{0C45C490-979A-6250-E753-7D266F58E024}"
EndProject
Project("{2150E333-8FDC-42A3-9474-1A3956D46DE8}") = "Task1", "Task1", "{038377EC-B915-40F4-A2E9-8EDEDD17CF49}"
EndProject
Project("{FAE04EC0-301F-11D3-BF4B-00C04F79EFBC}") = "Tyuiu.AtanaevRI.Sprint1.Task1.V1", "Tyuiu.AtanaevRI.Sprint1.Task1.V1\Tyuiu.AtanaevRI.Sprint1.Task1.V1.csproj", "{C7D38C6B-1517-48E7-A5F3-B7C753B2F65C}"
EndProject
Project("{FAE04EC0-301F-11D3-BF4B-00C04F79EFBC}") = "Tyuiu.AtanaevRI.Sprint1.Task1.V1.Lib", "Tyuiu.AtanaevRI.Sprint1.Task1.V1.Lib\Tyuiu.AtanaevRI.Sprint1.Task1.V1.Lib.csproj", "{F7CD9B7A-F117-40FE-A120-29B0AA523779}"
EndProject
Project("{FAE04EC0-301F-11D3-BF4B-00C04F79EFBC}") = "Tyuiu.AtanaevRI.Sprint1.Task1.V1.Test", "Tyuiu.AtanaevRI.Sprint1.Task1.V1.Test\Tyuiu.AtanaevRI.Sprint1.Task1.V1.Test.csproj", "{B35A6624-96D9-41C4-B41D-B0453870E473}"
EndProject
Project("{2150E333-8FDC-42A3-9474-1A3956D46DE8}") = "Task2", "Task2", "{751CD7C9-2E87-441A-9EB0-5D87F1E649F8}"
EndProject
Project("{FAE04EC0-301F-11D3-BF4B-00C04F79EFBC}") = "Tyuiu.AtanaevRI.Sprint1.Task2.V19", "Tyuiu.AtanaevRI.Sprint1.Task2.V19\Tyuiu.AtanaevRI.Sprint1.Task2.V19.csproj", "{3384AB82-93CC-4252-8BC1-075244D46C19}"
EndProject
Project("{FAE04EC0-301F-11D3-BF4B-00C04F79EFBC}") = "Tyuiu.AtanaevRI.Sprint1.Task2.V19.Lib", "Tyuiu.AtanaevRI.Sprint1.Task2.V19.Lib\Tyuiu.AtanaevRI.Sprint1.Task2.V19.Lib.csproj", "{7D8B9F07-7D32-46D1-AC9C-533F86C16BD5}"
EndProject
Project("{FAE04EC0-301F-11D3-BF4B-00C04F79EFBC}") = "Tyuiu.AtanaevRI.Sprint1.Task2.V19.Test", "Tyuiu.AtanaevRI.Sprint1.Task2.V19.Test\Tyuiu.AtanaevRI.Sprint1.Task2.V19.Test.csproj", "{0638340F-C7E9-4A52-B8F0-69F88798589C}"
EndProject
Project("{2150E333-8FDC-42A3-9474-1A3956D46DE8}") = "Task3", "Task3", "{4814A492-10C0-402F-8D87-CAF59FE5C8B2}"
EndProject
Project("{FAE04EC0-301F-11D3-BF4B-00C04F79EFBC}") = "Tyuiu.AtanaevRI.Sprint1.Task3.V18", "Tyuiu.AtanaevRI.Sprint1.Task3.V18\Tyuiu.AtanaevRI.Sprint1.Task3.V18.csproj", "{930C06C9-08B7-4BBA-9943-B63ECA6D6EE0}"
EndProject
Project("{FAE04EC0-301F-11D3-BF4B-00C04F79EFBC}") = "Tyuiu.AtanaevRI.Sprint1.Task3.V18.Lib", "Tyuiu.AtanaevRI.Sprint1.Task3.V18.Lib\Tyuiu.AtanaevRI.Sprint1.Task3.V18.Lib.csproj", "{1C68E5FE-7BC4-44B5-BCE2-417F8F4D0BF3}"
EndProject
Project("{FAE04EC0-301F-11D3-BF4B-00C04F79EFBC}") = "Tyuiu.AtanaevRI.Sprint1.Task3.V18.Test", "Tyuiu.AtanaevRI.Sprint1.Task3.V18.Test\Tyuiu.AtanaevRI.Sprint1.Task3.V18.Test.csproj", "{98444B9C-EF40-4DF0-BD6E-10459E828CF4}"
EndProject
Project("{2150E333-8FDC-42A3-9474-1A3956D46DE8}") = "Task4", "Task4", "{4F8E21E3-317D-4B85-AF48-AA80B48D64B5}"
EndProject
Project("{FAE04EC0-301F-11D3-BF4B-00C04F79EFBC}") = "Tyuiu.AtanaevRI.Sprint1.Task4.V8", "Tyuiu.AtanaevRI.Sprint1.Task4.V8\Tyuiu.AtanaevRI.Sprint1.Task4.V8.csproj", "{5F2519AF-AEA5-43B9-8E5A-67C91FD2E4F9}"
EndProject
Project("{FAE04EC0-301F-11D3-BF4B-00C04F79EFBC}") = "Tyuiu.AtanaevRI.Sprint1.Task4.V8.Lib", "Tyuiu.AtanaevRI.Sprint1.Task4.V8.Lib\Tyuiu.AtanaevRI.Sprint1.Task4.V8.Lib.csproj", "{68C3EDA9-51CE-40A5-967E-7D6AE723C7B4}"
EndProject
Project("{FAE04EC0-301F-11D3-BF4B-00C04F79EFBC}") = "Tyuiu.AtanaevRI.Sprint1.Task4.V8.Test", "Tyuiu.AtanaevRI.Sprint1.Task4.V8.Test\Tyuiu.AtanaevRI.Sprint1.Task4.V8.Test.csproj", "{C476A761-7975-48E2-9917-8BC14EDC88CE}"
EndProject
Project("{2150E333-8FDC-42A3-9474-1A3956D46DE8}") = "Task5", "Task5", "{0D9FF482-61BA-4895-AEE4-CE4FC8C17595}"
EndProject
Project("{FAE04EC0-301F-11D3-BF4B-00C04F79EFBC}") = "Tyuiu.AtanaevRI.Sprint1.Task5.V4", "Tyuiu.AtanaevRI.Sprint1.Task5.V4\Tyuiu.AtanaevRI.Sprint1.Task5.V4.csproj", "{7FE47A99-1093-447F-A824-AA1E831E737B}"
EndProject
Project("{FAE04EC0-301F-11D3-BF4B-00C04F79EFBC}") = "Tyuiu.AtanaevRI.Sprint1.Task5.V4.Lib", "Tyuiu.AtanaevRI.Sprint1.Task5.V4.Lib\Tyuiu.AtanaevRI.Sprint1.Task5.V4.Lib.csproj", "{EA82D4A3-89CC-42E0-966B-F22D52760C6F}"
EndProject
Project("{FAE04EC0-301F-11D3-BF4B-00C04F79EFBC}") = "Tyuiu.AtanaevRI.Sprint1.Task5.V4.Test", "Tyuiu.AtanaevRI.Sprint1.Task5.V4.Test\Tyuiu.AtanaevRI.Sprint1.Task5.V4.Test.csproj", "{3D61A9B0-AB48-457D-A4AE-EE226FAFA4E7}"
EndProject
Project("{2150E333-8FDC-42A3-9474-1A3956D46DE8}") = "Task6", "Task6", "{DB6347AF-EE03-4916-A300-0361383D900B}"
EndProject
Project("{FAE04EC0-301F-11D3-BF4B-00C04F79EFBC}") = "Tyuiu.AtanaevRI.Sprint1.Task6.V2", "Tyuiu.AtanaevRI.Sprint1.Task6.V2\Tyuiu.AtanaevRI.Sprint1.Task6.V2.csproj", "{DA6F199B-4EF9-4387-889D-AC091B0563BC}"
EndProject
Project("{FAE04EC0-301F-11D3-BF4B-00C04F79EFBC}") = "Tyuiu.AtanaevRI.Sprint1.Task6.V2.Lib", "Tyuiu.AtanaevRI.Sprint1.Task6.V2.Lib\Tyuiu.AtanaevRI.Sprint1.Task6.V2.Lib.csproj", "{99E1A315-B3E0-432C-BA13-21A2D196659D}"
EndProject
Project("{FAE04EC0-301F-11D3-BF4B-00C04F79EFBC}") = "Tyuiu.AtanaevRI.Sprint1.Task6.V2.Test", "Tyuiu.AtanaevRI.Sprint1.Task6.V2.Test\Tyuiu.AtanaevRI.Sprint1.Task6.V2.Test.csproj", "{7212414D-7D53-4525-A801-E6100FE7D2DE}"
EndProject
Project("{2150E333-8FDC-42A3-9474-1A3956D46DE8}") = "Task7", "Task7", "{FF0D14CF-455D-41E7-BB81-8FFE551E8779}"
EndProject
Project("{FAE04EC0-301F-11D3-BF4B-00C04F79EFBC}") = "Tyuiu.AtanaevRI.Sprint1.Task7.V27", "Tyuiu.AtanaevRI.Sprint1.Task7.V27\Tyuiu.AtanaevRI.Sprint1.Task7.V27.csproj", "{53E1D6EC-42AA-4845-B502-585C28FC8571}"
EndProject
Project("{FAE04EC0-301F-11D3-BF4B-00C04F79EFBC}") = "Tyuiu.AtanaevRI.Sprint1.Task7.V27.Lib", "Tyuiu.AtanaevRI.Sprint1.Task7.V27.Lib\Tyuiu.AtanaevRI.Sprint1.Task7.V27.Lib.csproj", "{AB9F1B39-060C-4F45-8F93-F853AC71DA3E}"
EndProject
Project("{FAE04EC0-301F-11D3-BF4B-00C04F79EFBC}") = "Tyuiu.AtanaevRI.Sprint1.Task7.V27.Test", "Tyuiu.AtanaevRI.Sprint1.Task7.V27.Test\Tyuiu.AtanaevRI.Sprint1.Task7.V27.Test.csproj", "{E8357651-4058-4E18-82CB-55463BBABBFD}"
EndProject
Global
	GlobalSection(SolutionConfigurationPlatforms) = preSolution
		Debug|Any CPU = Debug|Any CPU
		Release|Any CPU = Release|Any CPU
	EndGlobalSection
	GlobalSection(ProjectConfigurationPlatforms) = postSolution
		{74CBF984-64F9-52C4-1A1F-0643FED8B45B}.Debug|Any CPU.ActiveCfg = Debug|Any CPU
		{74CBF984-64F9-52C4-1A1F-0643FED8B45B}.Debug|Any CPU.Build.0 = Debug|Any CPU
		{74CBF984-64F9-52C4-1A1F-0643FED8B45B}.Release|Any CPU.ActiveCfg = Release|Any CPU
		{74CBF984-64F9-52C4-1A1F-0643FED8B45B}.Release|Any CPU.Build.0 = Release|Any CPU
		{1D9C29CC-024C-86D9-36E5-E0828B77B576}.Debug|Any CPU.ActiveCfg = Debug|Any CPU
		{1D9C29CC-024C-86D9-36E5-E0828B77B576}.Debug|Any CPU.Build.0 = Debug|Any CPU
		{1D9C29CC-024C-86D9-36E5-E0828B77B576}.Release|Any CPU.ActiveCfg = Release|Any CPU
		{1D9C29CC-024C-86D9-36E5-E0828B77B576}.Release|Any CPU.Build.0 = Release|Any CPU
		{0C45C490-979A-6250-E753-7D266F58E024}.Debug|Any CPU.ActiveCfg = Debug|Any CPU
		{0C45C490-979A-6250-E753-7D266F58E024}.Debug|Any CPU.Build.0 = Debug|Any CPU
		{0C45C490-979A-6250-E753-7D266F58E024}.Release|Any CPU.ActiveCfg = Release|Any CPU
		{0C45C490-979A-6250-E753-7D266F58E024}.Release|Any CPU.Build.0 = Release|Any CPU
		{C7D38C6B-1517-48E7-A5F3-B7C753B2F65C}.Debug|Any CPU.ActiveCfg = Debug|Any CPU
		{C7D38C6B-1517-48E7-A5F3-B7C753B2F65C}.Debug|Any CPU.Build.0 = Debug|Any CPU
		{C7D38C6B-1517-48E7-A5F3-B7C753B2F65C}.Release|Any CPU.ActiveCfg = Release|Any CPU
		{C7D38C6B-1517-48E7-A5F3-B7C753B2F65C}.Release|Any CPU.Build.0 = Release|Any CPU
		{F7CD9B7A-F117-40FE-A120-29B0AA523779}.Debug|Any CPU.ActiveCfg = Debug|Any CPU
		{F7CD9B7A-F117-40FE-A120-29B0AA523779}.Debug|Any CPU.Build.0 = Debug|Any CPU
		{F7CD9B7A-F117-40FE-A120-29B0AA523779}.Release|Any CPU.ActiveCfg = Release|Any CPU
		{F7CD9B7A-F117-40FE-A120-29B0AA523779}.Release|Any CPU.Build.0 = Release|Any CPU
		{B35A6624-96D9-41C4-B41D-B0453870E473}.Debug|Any CPU.ActiveCfg = Debug|Any CPU
		{B35A6624-96D9-41C4-B41D-B0453870E473}.Debug|Any CPU.Build.0 = Debug|Any CPU
		{B35A6624-96D9-41C4-B41D-B0453870E473}.Release|Any CPU.ActiveCfg = Release|Any CPU
		{B35A6624-96D9-41C4-B41D-B0453870E473}.Release|Any CPU.Build.0 = Release|Any CPU
		{3384AB82-93CC-4252-8BC1-075244D46C19}.Debug|Any CPU.ActiveCfg = Debug|Any CPU
		{3384AB82-93CC-4252-8BC1-075244D46C19}.Debug|Any CPU.Build.0 = Debug|Any CPU
		{3384AB82-93CC-4252-8BC1-075244D46C19}.Release|Any CPU.ActiveCfg = Release|Any CPU
		{3384AB82-93CC-4252-8BC1-075244D46C19}.Release|Any CPU.Build.0 = Release|Any CPU
		{7D8B9F07-7D32-46D1-AC9C-533F86C16BD5}.Debug|Any CPU.ActiveCfg = Debug|Any CPU
		{7D8B9F07-7D32-46D1-AC9C-533F86C16BD5}.Debug|Any CPU.Build.0 = Debug|Any CPU
		{7D8B9F07-7D32-46D1-AC9C-533F86C16BD5}.Release|Any CPU.ActiveCfg = Release|Any CPU
		{7D8B9F07-7D32-46D1-AC9C-533F86C16BD5}.Release|Any CPU.Build.0 = Release|Any CPU
		{0638340F-C7E9-4A52-B8F0-69F88798589C}.Debug|Any CPU.ActiveCfg = Debug|Any CPU
		{0638340F-C7E9-4A52-B8F0-69F88798589C}.Debug|Any CPU.Build.0 = Debug|Any CPU
		{0638340F-C7E9-4A52-B8F0-69F88798589C}.Release|Any CPU.ActiveCfg = Release|Any CPU
		{0638340F-C7E9-4A52-B8F0-69F88798589C}.Release|Any CPU.Build.0 = Release|Any CPU
		{930C06C9-08B7-4BBA-9943-B63ECA6D6EE0}.Debug|Any CPU.ActiveCfg = Debug|Any CPU
		{930C06C9-08B7-4BBA-9943-B63ECA6D6EE0}.Debug|Any CPU.Build.0 = Debug|Any CPU
		{930C06C9-08B7-4BBA-9943-B63ECA6D6EE0}.Release|Any CPU.ActiveCfg = Release|Any CPU
		{930C06C9-08B7-4BBA-9943-B63ECA6D6EE0}.Release|Any CPU.Build.0 = Release|Any CPU
		{1C68E5FE-7BC4-44B5-BCE2-417F8F4D0BF3}.Debug|Any CPU.ActiveCfg = Debug|Any CPU
		{1C68E5FE-7BC4-44B5-BCE2-417F8F4D0BF3}.Debug|Any CPU.Build.0 = Debug|Any CPU
		{1C68E5FE-7BC4-44B5-BCE2-417F8F4D0BF3}.Release|Any CPU.ActiveCfg = Release|Any CPU
		{1C68E5FE-7BC4-44B5-BCE2-417F8F4D0BF3}.Release|Any CPU.Build.0 = Release|Any CPU
		{98444B9C-EF40-4DF0-BD6E-10459E828CF4}.Debug|Any CPU.ActiveCfg = Debug|Any CPU
		{98444B9C-EF40-4DF0-BD6E-10459E828CF4}.Debug|Any CPU.Build.0 = Debug|Any CPU
		{98444B9C-EF40-4DF0-BD6E-10459E828CF4}.Release|Any CPU.ActiveCfg = Release|Any CPU
		{98444B9C-EF40-4DF0-BD6E-10459E828CF4}.Release|Any CPU.Build.0 = Release|Any CPU
		{5F2519AF-AEA5-43B9-8E5A-67C91FD2E4F9}.Debug|Any CPU.ActiveCfg = Debug|Any CPU
		{5F2519AF-AEA5-43B9-8E5A-67C91FD2E4F9}.Debug|Any CPU.Build.0 = Debug|Any CPU
		{5F2519AF-AEA5-43B9-8E5A-67C91FD2E4F9}.Release|Any CPU.ActiveCfg = Release|Any CPU
		{5F2519AF-AEA5-43B9-8E5A-67C91FD2E4F9}.Release|Any CPU.Build.0 = Release|Any CPU
		{68C3EDA9-51CE-40A5-967E-7D6AE723C7B4}.Debug|Any CPU.ActiveCfg = Debug|Any CPU
		{68C3EDA9-51CE-40A5-967E-7D6AE723C7B4}.Debug|Any CPU.Build.0 = Debug|Any CPU
		{68C3EDA9-51CE-40A5-967E-7D6AE723C7B4}.Release|Any CPU.ActiveCfg = Release|Any CPU
		{68C3EDA9-51CE-40A5-967E-7D6AE723C7B4}.Release|Any CPU.Build.0 = Release|Any CPU
		{C476A761-7975-48E2-9917-8BC14EDC88CE}.Debug|Any CPU.ActiveCfg = Debug|Any CPU
		{C476A761-7975-48E2-9917-8BC14EDC88CE}.Debug|Any CPU.Build.0 = Debug|Any CPU
		{C476A761-7975-48E2-9917-8BC14EDC88CE}.Release|Any CPU.ActiveCfg = Release|Any CPU
		{C476A761-7975-48E2-9917-8BC14EDC88CE}.Release|Any CPU.Build.0 = Release|Any CPU
		{7FE47A99-1093-447F-A824-AA1E831E737B}.Debug|Any CPU.ActiveCfg = Debug|Any CPU
		{7FE47A99-1093-447F-A824-AA1E831E737B}.Debug|Any CPU.Build.0 = Debug|Any CPU
		{7FE47A99-1093-447F-A824-AA1E831E737B}.Release|Any CPU.ActiveCfg = Release|Any CPU
		{7FE47A99-1093-447F-A824-AA1E831E737B}.Release|Any CPU.Build.0 = Release|Any CPU
		{EA82D4A3-89CC-42E0-966B-F22D52760C6F}.Debug|Any CPU.ActiveCfg = Debug|Any CPU
		{EA82D4A3-89CC-42E0-966B-F22D52760C6F}.Debug|Any CPU.Build.0 = Debug|Any CPU
		{EA82D4A3-89CC-42E0-966B-F22D52760C6F}.Release|Any CPU.ActiveCfg = Release|Any CPU
		{EA82D4A3-89CC-42E0-966B-F22D52760C6F}.Release|Any CPU.Build.0 = Release|Any CPU
		{3D61A9B0-AB48-457D-A4AE-EE226FAFA4E7}.Debug|Any CPU.ActiveCfg = Debug|Any CPU
		{3D61A9B0-AB48-457D-A4AE-EE226FAFA4E7}.Debug|Any CPU.Build.0 = Debug|Any CPU
		{3D61A9B0-AB48-457D-A4AE-EE226FAFA4E7}.Release|Any CPU.ActiveCfg = Release|Any CPU
		{3D61A9B0-AB48-457D-A4AE-EE226FAFA4E7}.Release|Any CPU.Build.0 = Release|Any CPU
		{DA6F199B-4EF9-4387-889D-AC091B0563BC}.Debug|Any CPU.ActiveCfg = Debug|Any CPU
		{DA6F199B-4EF9-4387-889D-AC091B0563BC}.Debug|Any CPU.Build.0 = Debug|Any CPU
		{DA6F199B-4EF9-4387-889D-AC091B0563BC}.Release|Any CPU.ActiveCfg = Release|Any CPU
		{DA6F199B-4EF9-4387-889D-AC091B0563BC}.Release|Any CPU.Build.0 = Release|Any CPU
		{99E1A315-B3E0-432C-BA13-21A2D196659D}.Debug|Any CPU.ActiveCfg = Debug|Any CPU
		{99E1A315-B3E0-432C-BA13-21A2D196659D}.Debug|Any CPU.Build.0 = Debug|Any CPU
		{99E1A315-B3E0-432C-BA13-21A2D196659D}.Release|Any CPU.ActiveCfg = Release|Any CPU
		{99E1A315-B3E0-432C-BA13-21A2D196659D}.Release|Any CPU.Build.0 = Release|Any CPU
		{7212414D-7D53-4525-A801-E6100FE7D2DE}.Debug|Any CPU.ActiveCfg = Debug|Any CPU
		{7212414D-7D53-4525-A801-E6100FE7D2DE}.Debug|Any CPU.Build.0 = Debug|Any CPU
		{7212414D-7D53-4525-A801-E6100FE7D2DE}.Release|Any CPU.ActiveCfg = Release|Any CPU
		{7212414D-7D53-4525-A801-E6100FE7D2DE}.Release|Any CPU.Build.0 = Release|Any CPU
		{53E1D6EC-42AA-4845-B502-585C28FC8571}.Debug|Any CPU.ActiveCfg = Debug|Any CPU
		{53E1D6EC-42AA-4845-B502-585C28FC8571}.Debug|Any CPU.Build.0 = Debug|Any CPU
		{53E1D6EC-42AA-4845-B502-585C28FC8571}.Release|Any CPU.ActiveCfg = Release|Any CPU
		{53E1D6EC-42AA-4845-B502-585C28FC8571}.Release|Any CPU.Build.0 = Release|Any CPU
		{AB9F1B39-060C-4F45-8F93-F853AC71DA3E}.Debug|Any CPU.ActiveCfg = Debug|Any CPU
		{AB9F1B39-060C-4F45-8F93-F853AC71DA3E}.Debug|Any CPU.Build.0 = Debug|Any CPU
		{AB9F1B39-060C-4F45-8F93-F853AC71DA3E}.Release|Any CPU.ActiveCfg = Release|Any CPU
		{AB9F1B39-060C-4F45-8F93-F853AC71DA3E}.Release|Any CPU.Build.0 = Release|Any CPU
		{E8357651-4058-4E18-82CB-55463BBABBFD}.Debug|Any CPU.ActiveCfg = Debug|Any CPU
		{E8357651-4058-4E18-82CB-55463BBABBFD}.Debug|Any CPU.Build.0 = Debug|Any CPU
		{E8357651-4058-4E18-82CB-55463BBABBFD}.Release|Any CPU.ActiveCfg = Release|Any CPU
		{E8357651-4058-4E18-82CB-55463BBABBFD}.Release|Any CPU.Build.0 = Release|Any CPU
	EndGlobalSection
	GlobalSection(SolutionProperties) = preSolution
		HideSolutionNode = FALSE
	EndGlobalSection
	GlobalSection(NestedProjects) = preSolution
		{74CBF984-64F9-52C4-1A1F-0643FED8B45B} = {02EA681E-C7D8-13C7-8484-4AC65E1B71E8}
		{1D9C29CC-024C-86D9-36E5-E0828B77B576} = {02EA681E-C7D8-13C7-8484-4AC65E1B71E8}
		{0C45C490-979A-6250-E753-7D266F58E024} = {02EA681E-C7D8-13C7-8484-4AC65E1B71E8}
		{C7D38C6B-1517-48E7-A5F3-B7C753B2F65C} = {038377EC-B915-40F4-A2E9-8EDEDD17CF49}
		{F7CD9B7A-F117-40FE-A120-29B0AA523779} = {038377EC-B915-40F4-A2E9-8EDEDD17CF49}
		{B35A6624-96D9-41C4-B41D-B0453870E473} = {038377EC-B915-40F4-A2E9-8EDEDD17CF49}
		{3384AB82-93CC-4252-8BC1-075244D46C19} = {751CD7C9-2E87-441A-9EB0-5D87F1E649F8}
		{7D8B9F07-7D32-46D1-AC9C-533F86C16BD5} = {751CD7C9-2E87-441A-9EB0-5D87F1E649F8}
		{0638340F-C7E9-4A52-B8F0-69F88798589C} = {751CD7C9-2E87-441A-9EB0-5D87F1E649F8}
		{930C06C9-08B7-4BBA-9943-B63ECA6D6EE0} = {4814A492-10C0-402F-8D87-CAF59FE5C8B2}
		{1C68E5FE-7BC4-44B5-BCE2-417F8F4D0BF3} = {4814A492-10C0-402F-8D87-CAF59FE5C8B2}
		{98444B9C-EF40-4DF0-BD6E-10459E828CF4} = {4814A492-10C0-402F-8D87-CAF59FE5C8B2}
		{5F2519AF-AEA5-43B9-8E5A-67C91FD2E4F9} = {4F8E21E3-317D-4B85-AF48-AA80B48D64B5}
		{68C3EDA9-51CE-40A5-967E-7D6AE723C7B4} = {4F8E21E3-317D-4B85-AF48-AA80B48D64B5}
		{C476A761-7975-48E2-9917-8BC14EDC88CE} = {4F8E21E3-317D-4B85-AF48-AA80B48D64B5}
		{7FE47A99-1093-447F-A824-AA1E831E737B} = {0D9FF482-61BA-4895-AEE4-CE4FC8C17595}
		{EA82D4A3-89CC-42E0-966B-F22D52760C6F} = {0D9FF482-61BA-4895-AEE4-CE4FC8C17595}
		{3D61A9B0-AB48-457D-A4AE-EE226FAFA4E7} = {0D9FF482-61BA-4895-AEE4-CE4FC8C17595}
		{DA6F199B-4EF9-4387-889D-AC091B0563BC} = {DB6347AF-EE03-4916-A300-0361383D900B}
		{99E1A315-B3E0-432C-BA13-21A2D196659D} = {DB6347AF-EE03-4916-A300-0361383D900B}
		{7212414D-7D53-4525-A801-E6100FE7D2DE} = {DB6347AF-EE03-4916-A300-0361383D900B}
		{53E1D6EC-42AA-4845-B502-585C28FC8571} = {FF0D14CF-455D-41E7-BB81-8FFE551E8779}
		{AB9F1B39-060C-4F45-8F93-F853AC71DA3E} = {FF0D14CF-455D-41E7-BB81-8FFE551E8779}
		{E8357651-4058-4E18-82CB-55463BBABBFD} = {FF0D14CF-455D-41E7-BB81-8FFE551E8779}
	EndGlobalSection
	GlobalSection(ExtensibilityGlobals) = postSolution
		SolutionGuid = {BD61AC96-323B-46A6-A368-1962A247F205}
	EndGlobalSection
EndGlobal
